# This file is generated by running "yarn install" inside your project.
# Manual changes might be lost - proceed with caution!

__metadata:
  version: 8
  cacheKey: 10c0

"root-workspace-0b6124@workspace:.":
  version: 0.0.0-use.local
  resolution: "root-workspace-0b6124@workspace:."
  dependencies:
    tailwindcss: "npm:^4.1.18"
  languageName: unknown
  linkType: soft

"tailwindcss@npm:^4.1.18":
  version: 4.1.18
  resolution: "tailwindcss@npm:4.1.18"
  checksum: 10c0/c79263cea0b2c577859b02f28284caa4eb3844e4d0f563686726ca97817c045c5c395a55bc776daaa351ba9e4aefa9a75bfbb43c22d86f3c573eecc2b87d6bf1
  languageName: node
  linkType: hard
